<?xml version="1.0" encoding="utf-8"?>
<Project ToolsVersion="4.0" xmlns="http://schemas.microsoft.com/developer/msbuild/2003">
  <ItemGroup>
    <Filter Include="Source Files">
      <UniqueIdentifier>{4FC737F1-C7A5-4376-A066-2A32D752A2FF}</UniqueIdentifier>
      <Extensions>cpp;c;cc;cxx;def;odl;idl;hpj;bat;asm;asmx</Extensions>
    </Filter>
    <Filter Include="Header Files">
      <UniqueIdentifier>{93995380-89BD-4b04-88EB-625FBE52EBFB}</UniqueIdentifier>
      <Extensions>h;hh;hpp;hxx;hm;inl;inc;xsd</Extensions>
    </Filter>
    <Filter Include="Resource Files">
      <UniqueIdentifier>{D9D6E242-F8AF-46E4-B9FD-80ECBC20BA3E}</UniqueIdentifier>
      <Extensions>qrc;*</Extensions>
      <ParseFiles>false</ParseFiles>
    </Filter>
    <Filter Include="Form Files">
      <UniqueIdentifier>{99349809-55BA-4b9d-BF79-8FDBB0286EB3}</UniqueIdentifier>
      <Extensions>ui</Extensions>
    </Filter>
    <Filter Include="Resource Files">
      <UniqueIdentifier>{D9D6E242-F8AF-46E4-B9FD-80ECBC20BA3E}</UniqueIdentifier>
      <Extensions>qrc;*</Extensions>
      <ParseFiles>false</ParseFiles>
    </Filter>
  </ItemGroup>
  <ItemGroup>
    <ClCompile Include="src\spinbox.cpp">
      <Filter>Source Files</Filter>
    </ClCompile>
    <ClCompile Include="src\plaintext.cpp">
      <Filter>Source Files</Filter>
    </ClCompile>
    <ClCompile Include="src\MainWindow.cpp">
      <Filter>Source Files</Filter>
    </ClCompile>
    <ClCompile Include="src\main.cpp">
      <Filter>Source Files</Filter>
    </ClCompile>
    <ClCompile Include="src\listbox.cpp">
      <Filter>Source Files</Filter>
    </ClCompile>
    <ClCompile Include="src\combobox.cpp">
      <Filter>Source Files</Filter>
    </ClCompile>
    <ClCompile Include="src\button.cpp">
      <Filter>Source Files</Filter>
    </ClCompile>
    <ClCompile Include="src\checkbox.cpp">
      <Filter>Source Files</Filter>
    </ClCompile>
    <ClCompile Include="src\textbox.cpp">
      <Filter>Source Files</Filter>
    </ClCompile>
    <ClCompile Include="src\LoginWindow.cpp">
      <Filter>Source Files</Filter>
    </ClCompile>
    <ClCompile Include="src\JSON.cpp">
      <Filter>Source Files</Filter>
    </ClCompile>
    <ClCompile Include="src\User.cpp">
      <Filter>Source Files</Filter>
    </ClCompile>
    <ClCompile Include="src\Config.cpp">
      <Filter>Source Files</Filter>
    </ClCompile>
    <ClCompile Include="src\Expense.cpp">
      <Filter>Source Files</Filter>
    </ClCompile>
    <ClCompile Include="src\Timer.cpp">
      <Filter>Source Files</Filter>
    </ClCompile>
    <ClCompile Include="src\Calculator.cpp">
      <Filter>Source Files</Filter>
    </ClCompile>
  </ItemGroup>
  <ItemGroup>
    <QtRcc Include="MainWindow.qrc">
      <Filter>Resource Files</Filter>
    </QtRcc>
  </ItemGroup>
  <ItemGroup>
    <QtMoc Include="header\MainWindow.h">
      <Filter>Header Files</Filter>
    </QtMoc>
    <QtMoc Include="header\spinbox.h">
      <Filter>Header Files</Filter>
    </QtMoc>
    <QtMoc Include="header\plaintext.h">
      <Filter>Header Files</Filter>
    </QtMoc>
    <QtMoc Include="header\listbox.h">
      <Filter>Header Files</Filter>
    </QtMoc>
    <QtMoc Include="header\combobox.h">
      <Filter>Header Files</Filter>
    </QtMoc>
    <QtMoc Include="header\button.h">
      <Filter>Header Files</Filter>
    </QtMoc>
    <QtMoc Include="header\checkbox.h">
      <Filter>Header Files</Filter>
    </QtMoc>
    <QtMoc Include="header\textbox.h">
      <Filter>Header Files</Filter>
    </QtMoc>
    <QtMoc Include="header\LoginWindow.h">
      <Filter>Header Files</Filter>
    </QtMoc>
  </ItemGroup>
  <ItemGroup>
    <QtUic Include="form\MainWindow.ui">
      <Filter>Form Files</Filter>
    </QtUic>
    <QtUic Include="form\loginwindow.ui">
      <Filter>Form Files</Filter>
    </QtUic>
  </ItemGroup>
  <ItemGroup>
    <ClInclude Include="header\Declarations.h">
      <Filter>Header Files</Filter>
    </ClInclude>
    <ClInclude Include="header\WindowDesign.h">
      <Filter>Header Files</Filter>
    </ClInclude>
    <ClInclude Include="header\JSON.h">
      <Filter>Header Files</Filter>
    </ClInclude>
    <ClInclude Include="header\User.h">
      <Filter>Header Files</Filter>
    </ClInclude>
    <ClInclude Include="header\Config.h">
      <Filter>Header Files</Filter>
    </ClInclude>
    <ClInclude Include="header\Expense.h">
      <Filter>Header Files</Filter>
    </ClInclude>
    <ClInclude Include="header\Timer.h">
      <Filter>Header Files</Filter>
    </ClInclude>
    <ClInclude Include="header\Calculator.h">
      <Filter>Header Files</Filter>
    </ClInclude>
  </ItemGroup>
  <ItemGroup>
    <Image Include="ExpenseTrackerIcon.ico" />
  </ItemGroup>
  <ItemGroup>
    <ResourceCompile Include="ExpenseTracker.rc" />
  </ItemGroup>
</Project>